
Microsoft Visual Studio Solution File, Format Version 12.00
# Visual Studio Version 17
VisualStudioVersion = 17.5.33414.496
MinimumVisualStudioVersion = 10.0.40219.1
Project("{FAE04EC0-301F-11D3-BF4B-00C04F79EFBC}") = "MarketPlaceEnd", "MarketPlaceEnd\MarketPlaceEnd.csproj", "{165AF0E9-283B-4A49-9EF2-B4B6C6F11F6B}"
EndProject
Global
	GlobalSection(SolutionConfigurationPlatforms) = preSolution
		Debug|Any CPU = Debug|Any CPU
		Release|Any CPU = Release|Any CPU
	EndGlobalSection
	GlobalSection(ProjectConfigurationPlatforms) = postSolution
		{165AF0E9-283B-4A49-9EF2-B4B6C6F11F6B}.Debug|Any CPU.ActiveCfg = Debug|Any CPU
		{165AF0E9-283B-4A49-9EF2-B4B6C6F11F6B}.Debug|Any CPU.Build.0 = Debug|Any CPU
		{165AF0E9-283B-4A49-9EF2-B4B6C6F11F6B}.Release|Any CPU.ActiveCfg = Release|Any CPU
		{165AF0E9-283B-4A49-9EF2-B4B6C6F11F6B}.Release|Any CPU.Build.0 = Release|Any CPU
	EndGlobalSection
	GlobalSection(SolutionProperties) = preSolution
		HideSolutionNode = FALSE
	EndGlobalSection
	GlobalSection(ExtensibilityGlobals) = postSolution
		SolutionGuid = {12773E0E-02E8-46D0-90BA-606DBAE2017C}
	EndGlobalSection
EndGlobal
